// !$*UTF8*$!
{
	archiveVersion = 1;
	classes = {
	};
	objectVersion = 51;
	objects = {

/* Begin PBXBuildFile section */
		4159514D6BEBA1339A7798CA /* Pods_FTCApp.framework in Frameworks */ = {isa = PBXBuildFile; fileRef = A2CF649134C27D7C7DCA4F07 /* Pods_FTCApp.framework */; };
		ED4F11DC26F426550007B7C5 /* FTCAppApp.swift in Sources */ = {isa = PBXBuildFile; fileRef = ED4F11DB26F426550007B7C5 /* FTCAppApp.swift */; };
		ED4F11DE26F426550007B7C5 /* ContentView.swift in Sources */ = {isa = PBXBuildFile; fileRef = ED4F11DD26F426550007B7C5 /* ContentView.swift */; };
		ED4F11E026F426570007B7C5 /* Assets.xcassets in Resources */ = {isa = PBXBuildFile; fileRef = ED4F11DF26F426570007B7C5 /* Assets.xcassets */; };
		ED4F11E326F426570007B7C5 /* Preview Assets.xcassets in Resources */ = {isa = PBXBuildFile; fileRef = ED4F11E226F426570007B7C5 /* Preview Assets.xcassets */; };
		ED4F11EB26F437E70007B7C5 /* Student.swift in Sources */ = {isa = PBXBuildFile; fileRef = ED4F11EA26F437E70007B7C5 /* Student.swift */; };
		ED4F11ED26F43A740007B7C5 /* Tutor.swift in Sources */ = {isa = PBXBuildFile; fileRef = ED4F11EC26F43A740007B7C5 /* Tutor.swift */; };
		ED4F11EF26F448EA0007B7C5 /* GoogleService-Info.plist in Resources */ = {isa = PBXBuildFile; fileRef = ED4F11EE26F448EA0007B7C5 /* GoogleService-Info.plist */; };
		ED8A9E8426F6DAFF00D429F7 /* AppViewModel.swift in Sources */ = {isa = PBXBuildFile; fileRef = ED8A9E8326F6DAFF00D429F7 /* AppViewModel.swift */; };
		ED8A9E8626F6EB6C00D429F7 /* UserLoginView.swift in Sources */ = {isa = PBXBuildFile; fileRef = ED8A9E8526F6EB6C00D429F7 /* UserLoginView.swift */; };
/* End PBXBuildFile section */

/* Begin PBXFileReference section */
		42CF3325EBB34E8F30A99BDC /* Pods-FTCApp.debug.xcconfig */ = {isa = PBXFileReference; includeInIndex = 1; lastKnownFileType = text.xcconfig; name = "Pods-FTCApp.debug.xcconfig"; path = "Target Support Files/Pods-FTCApp/Pods-FTCApp.debug.xcconfig"; sourceTree = "<group>"; };
		8FBB657922860FF1F6B86068 /* Pods-FTCApp.release.xcconfig */ = {isa = PBXFileReference; includeInIndex = 1; lastKnownFileType = text.xcconfig; name = "Pods-FTCApp.release.xcconfig"; path = "Target Support Files/Pods-FTCApp/Pods-FTCApp.release.xcconfig"; sourceTree = "<group>"; };
		A2CF649134C27D7C7DCA4F07 /* Pods_FTCApp.framework */ = {isa = PBXFileReference; explicitFileType = wrapper.framework; includeInIndex = 0; path = Pods_FTCApp.framework; sourceTree = BUILT_PRODUCTS_DIR; };
		ED4F11D826F426550007B7C5 /* FTCApp.app */ = {isa = PBXFileReference; explicitFileType = wrapper.application; includeInIndex = 0; path = FTCApp.app; sourceTree = BUILT_PRODUCTS_DIR; };
		ED4F11DB26F426550007B7C5 /* FTCAppApp.swift */ = {isa = PBXFileReference; lastKnownFileType = sourcecode.swift; path = FTCAppApp.swift; sourceTree = "<group>"; };
		ED4F11DD26F426550007B7C5 /* ContentView.swift */ = {isa = PBXFileReference; lastKnownFileType = sourcecode.swift; path = ContentView.swift; sourceTree = "<group>"; };
		ED4F11DF26F426570007B7C5 /* Assets.xcassets */ = {isa = PBXFileReference; lastKnownFileType = folder.assetcatalog; path = Assets.xcassets; sourceTree = "<group>"; };
		ED4F11E226F426570007B7C5 /* Preview Assets.xcassets */ = {isa = PBXFileReference; lastKnownFileType = folder.assetcatalog; path = "Preview Assets.xcassets"; sourceTree = "<group>"; };
		ED4F11E426F426570007B7C5 /* Info.plist */ = {isa = PBXFileReference; lastKnownFileType = text.plist.xml; path = Info.plist; sourceTree = "<group>"; };
		ED4F11EA26F437E70007B7C5 /* Student.swift */ = {isa = PBXFileReference; lastKnownFileType = sourcecode.swift; path = Student.swift; sourceTree = "<group>"; };
		ED4F11EC26F43A740007B7C5 /* Tutor.swift */ = {isa = PBXFileReference; lastKnownFileType = sourcecode.swift; path = Tutor.swift; sourceTree = "<group>"; };
		ED4F11EE26F448EA0007B7C5 /* GoogleService-Info.plist */ = {isa = PBXFileReference; fileEncoding = 4; lastKnownFileType = text.plist.xml; path = "GoogleService-Info.plist"; sourceTree = "<group>"; };
		ED8A9E8326F6DAFF00D429F7 /* AppViewModel.swift */ = {isa = PBXFileReference; lastKnownFileType = sourcecode.swift; path = AppViewModel.swift; sourceTree = "<group>"; };
		ED8A9E8526F6EB6C00D429F7 /* UserLoginView.swift */ = {isa = PBXFileReference; lastKnownFileType = sourcecode.swift; path = UserLoginView.swift; sourceTree = "<group>"; };
/* End PBXFileReference section */

/* Begin PBXFrameworksBuildPhase section */
		ED4F11D526F426550007B7C5 /* Frameworks */ = {
			isa = PBXFrameworksBuildPhase;
			buildActionMask = 2147483647;
			files = (
				4159514D6BEBA1339A7798CA /* Pods_FTCApp.framework in Frameworks */,
			);
			runOnlyForDeploymentPostprocessing = 0;
		};
/* End PBXFrameworksBuildPhase section */

/* Begin PBXGroup section */
		7D55024E1F6719F6ED97EE27 /* Frameworks */ = {
			isa = PBXGroup;
			children = (
				A2CF649134C27D7C7DCA4F07 /* Pods_FTCApp.framework */,
			);
			name = Frameworks;
			sourceTree = "<group>";
		};
		D0D9C29CB5558F694C246052 /* Pods */ = {
			isa = PBXGroup;
			children = (
				42CF3325EBB34E8F30A99BDC /* Pods-FTCApp.debug.xcconfig */,
				8FBB657922860FF1F6B86068 /* Pods-FTCApp.release.xcconfig */,
			);
			path = Pods;
			sourceTree = "<group>";
		};
		ED4F11CF26F426550007B7C5 = {
			isa = PBXGroup;
			children = (
				ED4F11DA26F426550007B7C5 /* FTCApp */,
				ED4F11D926F426550007B7C5 /* Products */,
				D0D9C29CB5558F694C246052 /* Pods */,
				7D55024E1F6719F6ED97EE27 /* Frameworks */,
			);
			sourceTree = "<group>";
		};
		ED4F11D926F426550007B7C5 /* Products */ = {
			isa = PBXGroup;
			children = (
				ED4F11D826F426550007B7C5 /* FTCApp.app */,
			);
			name = Products;
			sourceTree = "<group>";
		};
		ED4F11DA26F426550007B7C5 /* FTCApp */ = {
			isa = PBXGroup;
			children = (
				ED4F11DB26F426550007B7C5 /* FTCAppApp.swift */,
				ED8A9E8326F6DAFF00D429F7 /* AppViewModel.swift */,
				ED8A9E8526F6EB6C00D429F7 /* UserLoginView.swift */,
				ED4F11DD26F426550007B7C5 /* ContentView.swift */,
				ED4F11EA26F437E70007B7C5 /* Student.swift */,
				ED4F11EC26F43A740007B7C5 /* Tutor.swift */,
				ED4F11DF26F426570007B7C5 /* Assets.xcassets */,
				ED4F11EE26F448EA0007B7C5 /* GoogleService-Info.plist */,
				ED4F11E426F426570007B7C5 /* Info.plist */,
				ED4F11E126F426570007B7C5 /* Preview Content */,
			);
			path = FTCApp;
			sourceTree = "<group>";
		};
		ED4F11E126F426570007B7C5 /* Preview Content */ = {
			isa = PBXGroup;
			children = (
				ED4F11E226F426570007B7C5 /* Preview Assets.xcassets */,
			);
			path = "Preview Content";
			sourceTree = "<group>";
		};
/* End PBXGroup section */

/* Begin PBXNativeTarget section */
		ED4F11D726F426550007B7C5 /* FTCApp */ = {
			isa = PBXNativeTarget;
			buildConfigurationList = ED4F11E726F426570007B7C5 /* Build configuration list for PBXNativeTarget "FTCApp" */;
			buildPhases = (
				17A772E66C825CB152877B6A /* [CP] Check Pods Manifest.lock */,
				ED4F11D426F426550007B7C5 /* Sources */,
				ED4F11D526F426550007B7C5 /* Frameworks */,
				ED4F11D626F426550007B7C5 /* Resources */,
				C192BD262D476B158ADE43C1 /* [CP] Embed Pods Frameworks */,
			);
			buildRules = (
			);
			dependencies = (
			);
			name = FTCApp;
			productName = FTCApp;
			productReference = ED4F11D826F426550007B7C5 /* FTCApp.app */;
			productType = "com.apple.product-type.application";
		};
/* End PBXNativeTarget section */

/* Begin PBXProject section */
		ED4F11D026F426550007B7C5 /* Project object */ = {
			isa = PBXProject;
			attributes = {
				LastSwiftUpdateCheck = 1250;
				LastUpgradeCheck = 1250;
				TargetAttributes = {
					ED4F11D726F426550007B7C5 = {
						CreatedOnToolsVersion = 12.5;
					};
				};
			};
			buildConfigurationList = ED4F11D326F426550007B7C5 /* Build configuration list for PBXProject "FTCApp" */;
			compatibilityVersion = "Xcode 9.3";
			developmentRegion = en;
			hasScannedForEncodings = 0;
			knownRegions = (
				en,
				Base,
			);
			mainGroup = ED4F11CF26F426550007B7C5;
			productRefGroup = ED4F11D926F426550007B7C5 /* Products */;
			projectDirPath = "";
			projectRoot = "";
			targets = (
				ED4F11D726F426550007B7C5 /* FTCApp */,
			);
		};
/* End PBXProject section */

/* Begin PBXResourcesBuildPhase section */
		ED4F11D626F426550007B7C5 /* Resources */ = {
			isa = PBXResourcesBuildPhase;
			buildActionMask = 2147483647;
			files = (
				ED4F11E326F426570007B7C5 /* Preview Assets.xcassets in Resources */,
				ED4F11E026F426570007B7C5 /* Assets.xcassets in Resources */,
				ED4F11EF26F448EA0007B7C5 /* GoogleService-Info.plist in Resources */,
			);
			runOnlyForDeploymentPostprocessing = 0;
		};
/* End PBXResourcesBuildPhase section */

/* Begin PBXShellScriptBuildPhase section */
		17A772E66C825CB152877B6A /* [CP] Check Pods Manifest.lock */ = {
			isa = PBXShellScriptBuildPhase;
			buildActionMask = 2147483647;
			files = (
			);
			inputFileListPaths = (
			);
			inputPaths = (
				"${PODS_PODFILE_DIR_PATH}/Podfile.lock",
				"${PODS_ROOT}/Manifest.lock",
			);
			name = "[CP] Check Pods Manifest.lock";
			outputFileListPaths = (
			);
			outputPaths = (
				"$(DERIVED_FILE_DIR)/Pods-FTCApp-checkManifestLockResult.txt",
			);
			runOnlyForDeploymentPostprocessing = 0;
			shellPath = /bin/sh;
			shellScript = "diff \"${PODS_PODFILE_DIR_PATH}/Podfile.lock\" \"${PODS_ROOT}/Manifest.lock\" > /dev/null\nif [ $? != 0 ] ; then\n    # print error to STDERR\n    echo \"error: The sandbox is not in sync with the Podfile.lock. Run 'pod install' or update your CocoaPods installation.\" >&2\n    exit 1\nfi\n# This output is used by Xcode 'outputs' to avoid re-running this script phase.\necho \"SUCCESS\" > \"${SCRIPT_OUTPUT_FILE_0}\"\n";
			showEnvVarsInLog = 0;
		};
		C192BD262D476B158ADE43C1 /* [CP] Embed Pods Frameworks */ = {
			isa = PBXShellScriptBuildPhase;
			buildActionMask = 2147483647;
			files = (
			);
			inputFileListPaths = (
				"${PODS_ROOT}/Target Support Files/Pods-FTCApp/Pods-FTCApp-frameworks-${CONFIGURATION}-input-files.xcfilelist",
			);
			name = "[CP] Embed Pods Frameworks";
			outputFileListPaths = (
				"${PODS_ROOT}/Target Support Files/Pods-FTCApp/Pods-FTCApp-frameworks-${CONFIGURATION}-output-files.xcfilelist",
			);
			runOnlyForDeploymentPostprocessing = 0;
			shellPath = /bin/sh;
			shellScript = "\"${PODS_ROOT}/Target Support Files/Pods-FTCApp/Pods-FTCApp-frameworks.sh\"\n";
			showEnvVarsInLog = 0;
		};
/* End PBXShellScriptBuildPhase section */

/* Begin PBXSourcesBuildPhase section */
		ED4F11D426F426550007B7C5 /* Sources */ = {
			isa = PBXSourcesBuildPhase;
			buildActionMask = 2147483647;
			files = (
				ED8A9E8426F6DAFF00D429F7 /* AppViewModel.swift in Sources */,
				ED4F11ED26F43A740007B7C5 /* Tutor.swift in Sources */,
				ED4F11DE26F426550007B7C5 /* ContentView.swift in Sources */,
				ED8A9E8626F6EB6C00D429F7 /* UserLoginView.swift in Sources */,
				ED4F11EB26F437E70007B7C5 /* Student.swift in Sources */,
				ED4F11DC26F426550007B7C5 /* FTCAppApp.swift in Sources */,
			);
			runOnlyForDeploymentPostprocessing = 0;
		};
/* End PBXSourcesBuildPhase section */

/* Begin XCBuildConfiguration section */
		ED4F11E526F426570007B7C5 /* Debug */ = {
			isa = XCBuildConfiguration;
			buildSettings = {
				ALWAYS_SEARCH_USER_PATHS = NO;
				CLANG_ANALYZER_NONNULL = YES;
				CLANG_ANALYZER_NUMBER_OBJECT_CONVERSION = YES_AGGRESSIVE;
				CLANG_CXX_LANGUAGE_STANDARD = "gnu++14";
				CLANG_CXX_LIBRARY = "libc++";
				CLANG_ENABLE_MODULES = YES;
				CLANG_ENABLE_OBJC_ARC = YES;
				CLANG_ENABLE_OBJC_WEAK = YES;
				CLANG_WARN_BLOCK_CAPTURE_AUTORELEASING = YES;
				CLANG_WARN_BOOL_CONVERSION = YES;
				CLANG_WARN_COMMA = YES;
				CLANG_WARN_CONSTANT_CONVERSION = YES;
				CLANG_WARN_DEPRECATED_OBJC_IMPLEMENTATIONS = YES;
				CLANG_WARN_DIRECT_OBJC_ISA_USAGE = YES_ERROR;
				CLANG_WARN_DOCUMENTATION_COMMENTS = YES;
				CLANG_WARN_EMPTY_BODY = YES;
				CLANG_WARN_ENUM_CONVERSION = YES;
				CLANG_WARN_INFINITE_RECURSION = YES;
				CLANG_WARN_INT_CONVERSION = YES;
				CLANG_WARN_NON_LITERAL_NULL_CONVERSION = YES;
				CLANG_WARN_OBJC_IMPLICIT_RETAIN_SELF = YES;
				CLANG_WARN_OBJC_LITERAL_CONVERSION = YES;
				CLANG_WARN_OBJC_ROOT_CLASS = YES_ERROR;
				CLANG_WARN_QUOTED_INCLUDE_IN_FRAMEWORK_HEADER = YES;
				CLANG_WARN_RANGE_LOOP_ANALYSIS = YES;
				CLANG_WARN_STRICT_PROTOTYPES = YES;
				CLANG_WARN_SUSPICIOUS_MOVE = YES;
				CLANG_WARN_UNGUARDED_AVAILABILITY = YES_AGGRESSIVE;
				CLANG_WARN_UNREACHABLE_CODE = YES;
				CLANG_WARN__DUPLICATE_METHOD_MATCH = YES;
				COPY_PHASE_STRIP = NO;
				DEBUG_INFORMATION_FORMAT = dwarf;
				ENABLE_STRICT_OBJC_MSGSEND = YES;
				ENABLE_TESTABILITY = YES;
				GCC_C_LANGUAGE_STANDARD = gnu11;
				GCC_DYNAMIC_NO_PIC = NO;
				GCC_NO_COMMON_BLOCKS = YES;
				GCC_OPTIMIZATION_LEVEL = 0;
				GCC_PREPROCESSOR_DEFINITIONS = (
					"DEBUG=1",
					"$(inherited)",
				);
				GCC_WARN_64_TO_32_BIT_CONVERSION = YES;
				GCC_WARN_ABOUT_RETURN_TYPE = YES_ERROR;
				GCC_WARN_UNDECLARED_SELECTOR = YES;
				GCC_WARN_UNINITIALIZED_AUTOS = YES_AGGRESSIVE;
				GCC_WARN_UNUSED_FUNCTION = YES;
				GCC_WARN_UNUSED_VARIABLE = YES;
				IPHONEOS_DEPLOYMENT_TARGET = 14.5;
				MTL_ENABLE_DEBUG_INFO = INCLUDE_SOURCE;
				MTL_FAST_MATH = YES;
				ONLY_ACTIVE_ARCH = YES;
				SDKROOT = iphoneos;
				SWIFT_ACTIVE_COMPILATION_CONDITIONS = DEBUG;
				SWIFT_OPTIMIZATION_LEVEL = "-Onone";
			};
			name = Debug;
		};
		ED4F11E626F426570007B7C5 /* Release */ = {
			isa = XCBuildConfiguration;
			buildSettings = {
				ALWAYS_SEARCH_USER_PATHS = NO;
				CLANG_ANALYZER_NONNULL = YES;
				CLANG_ANALYZER_NUMBER_OBJECT_CONVERSION = YES_AGGRESSIVE;
				CLANG_CXX_LANGUAGE_STANDARD = "gnu++14";
				CLANG_CXX_LIBRARY = "libc++";
				CLANG_ENABLE_MODULES = YES;
				CLANG_ENABLE_OBJC_ARC = YES;
				CLANG_ENABLE_OBJC_WEAK = YES;
				CLANG_WARN_BLOCK_CAPTURE_AUTORELEASING = YES;
				CLANG_WARN_BOOL_CONVERSION = YES;
				CLANG_WARN_COMMA = YES;
				CLANG_WARN_CONSTANT_CONVERSION = YES;
				CLANG_WARN_DEPRECATED_OBJC_IMPLEMENTATIONS = YES;
				CLANG_WARN_DIRECT_OBJC_ISA_USAGE = YES_ERROR;
				CLANG_WARN_DOCUMENTATION_COMMENTS = YES;
				CLANG_WARN_EMPTY_BODY = YES;
				CLANG_WARN_ENUM_CONVERSION = YES;
				CLANG_WARN_INFINITE_RECURSION = YES;
				CLANG_WARN_INT_CONVERSION = YES;
				CLANG_WARN_NON_LITERAL_NULL_CONVERSION = YES;
				CLANG_WARN_OBJC_IMPLICIT_RETAIN_SELF = YES;
				CLANG_WARN_OBJC_LITERAL_CONVERSION = YES;
				CLANG_WARN_OBJC_ROOT_CLASS = YES_ERROR;
				CLANG_WARN_QUOTED_INCLUDE_IN_FRAMEWORK_HEADER = YES;
				CLANG_WARN_RANGE_LOOP_ANALYSIS = YES;
				CLANG_WARN_STRICT_PROTOTYPES = YES;
				CLANG_WARN_SUSPICIOUS_MOVE = YES;
				CLANG_WARN_UNGUARDED_AVAILABILITY = YES_AGGRESSIVE;
				CLANG_WARN_UNREACHABLE_CODE = YES;
				CLANG_WARN__DUPLICATE_METHOD_MATCH = YES;
				COPY_PHASE_STRIP = NO;
				DEBUG_INFORMATION_FORMAT = "dwarf-with-dsym";
				ENABLE_NS_ASSERTIONS = NO;
				ENABLE_STRICT_OBJC_MSGSEND = YES;
				GCC_C_LANGUAGE_STANDARD = gnu11;
				GCC_NO_COMMON_BLOCKS = YES;
				GCC_WARN_64_TO_32_BIT_CONVERSION = YES;
				GCC_WARN_ABOUT_RETURN_TYPE = YES_ERROR;
				GCC_WARN_UNDECLARED_SELECTOR = YES;
				GCC_WARN_UNINITIALIZED_AUTOS = YES_AGGRESSIVE;
				GCC_WARN_UNUSED_FUNCTION = YES;
				GCC_WARN_UNUSED_VARIABLE = YES;
				IPHONEOS_DEPLOYMENT_TARGET = 14.5;
				MTL_ENABLE_DEBUG_INFO = NO;
				MTL_FAST_MATH = YES;
				SDKROOT = iphoneos;
				SWIFT_COMPILATION_MODE = wholemodule;
				SWIFT_OPTIMIZATION_LEVEL = "-O";
				VALIDATE_PRODUCT = YES;
			};
			name = Release;
		};
		ED4F11E826F426570007B7C5 /* Debug */ = {
			isa = XCBuildConfiguration;
			baseConfigurationReference = 42CF3325EBB34E8F30A99BDC /* Pods-FTCApp.debug.xcconfig */;
			buildSettings = {
				ASSETCATALOG_COMPILER_APPICON_NAME = AppIcon;
				ASSETCATALOG_COMPILER_GLOBAL_ACCENT_COLOR_NAME = AccentColor;
				CODE_SIGN_STYLE = Automatic;
				DEVELOPMENT_ASSET_PATHS = "\"FTCApp/Preview Content\"";
				DEVELOPMENT_TEAM = X45G5P6G34;
				ENABLE_PREVIEWS = YES;
				INFOPLIST_FILE = FTCApp/Info.plist;
				IPHONEOS_DEPLOYMENT_TARGET = 14.0;
				LD_RUNPATH_SEARCH_PATHS = (
					"$(inherited)",
					"@executable_path/Frameworks",
				);
				PRODUCT_BUNDLE_IDENTIFIER = com.FTC.FTCApp;
				PRODUCT_NAME = "$(TARGET_NAME)";
				SWIFT_VERSION = 5.0;
				TARGETED_DEVICE_FAMILY = "1,2";
			};
			name = Debug;
		};
		ED4F11E926F426570007B7C5 /* Release */ = {
			isa = XCBuildConfiguration;
			baseConfigurationReference = 8FBB657922860FF1F6B86068 /* Pods-FTCApp.release.xcconfig */;
			buildSettings = {
				ASSETCATALOG_COMPILER_APPICON_NAME = AppIcon;
				ASSETCATALOG_COMPILER_GLOBAL_ACCENT_COLOR_NAME = AccentColor;
				CODE_SIGN_STYLE = Automatic;
				DEVELOPMENT_ASSET_PATHS = "\"FTCApp/Preview Content\"";
				DEVELOPMENT_TEAM = X45G5P6G34;
				ENABLE_PREVIEWS = YES;
				INFOPLIST_FILE = FTCApp/Info.plist;
				IPHONEOS_DEPLOYMENT_TARGET = 14.0;
				LD_RUNPATH_SEARCH_PATHS = (
					"$(inherited)",
					"@executable_path/Frameworks",
				);
				PRODUCT_BUNDLE_IDENTIFIER = com.FTC.FTCApp;
				PRODUCT_NAME = "$(TARGET_NAME)";
				SWIFT_VERSION = 5.0;
				TARGETED_DEVICE_FAMILY = "1,2";
			};
			name = Release;
		};
/* End XCBuildConfiguration section */

/* Begin XCConfigurationList section */
		ED4F11D326F426550007B7C5 /* Build configuration list for PBXProject "FTCApp" */ = {
			isa = XCConfigurationList;
			buildConfigurations = (
				ED4F11E526F426570007B7C5 /* Debug */,
				ED4F11E626F426570007B7C5 /* Release */,
			);
			defaultConfigurationIsVisible = 0;
			defaultConfigurationName = Release;
		};
		ED4F11E726F426570007B7C5 /* Build configuration list for PBXNativeTarget "FTCApp" */ = {
			isa = XCConfigurationList;
			buildConfigurations = (
				ED4F11E826F426570007B7C5 /* Debug */,
				ED4F11E926F426570007B7C5 /* Release */,
			);
			defaultConfigurationIsVisible = 0;
			defaultConfigurationName = Release;
		};
/* End XCConfigurationList section */
	};
	rootObject = ED4F11D026F426550007B7C5 /* Project object */;
}
